<?xml version="1.0" encoding="utf-8"?>
<Project ToolsVersion="4.0" xmlns="http://schemas.microsoft.com/developer/msbuild/2003">
  <ItemGroup>
    <Filter Include="Source Files">
      <UniqueIdentifier>{4FC737F1-C7A5-4376-A066-2A32D752A2FF}</UniqueIdentifier>
      <Extensions>cpp;c;cc;cxx;c++;cppm;ixx;def;odl;idl;hpj;bat;asm;asmx</Extensions>
    </Filter>
    <Filter Include="Header Files">
      <UniqueIdentifier>{93995380-89BD-4b04-88EB-625FBE52EBFB}</UniqueIdentifier>
      <Extensions>h;hh;hpp;hxx;h++;hm;inl;inc;ipp;xsd</Extensions>
    </Filter>
    <Filter Include="Resource Files">
      <UniqueIdentifier>{67DA6AB6-F800-4c08-8B7A-83BB121AAD01}</UniqueIdentifier>
      <Extensions>rc;ico;cur;bmp;dlg;rc2;rct;bin;rgs;gif;jpg;jpeg;jpe;resx;tiff;tif;png;wav;mfcribbon-ms</Extensions>
    </Filter>
  </ItemGroup>
  <ItemGroup>
    <ClInclude Include="framework.h">
      <Filter>Header Files</Filter>
    </ClInclude>
    <ClInclude Include="targetver.h">
      <Filter>Header Files</Filter>
    </ClInclude>
    <ClInclude Include="Resource.h">
      <Filter>Header Files</Filter>
    </ClInclude>
    <ClInclude Include="GameServer.h">
      <Filter>Header Files</Filter>
    </ClInclude>
    <ClInclude Include="CAccountInfo.h">
      <Filter>Header Files</Filter>
    </ClInclude>
    <ClInclude Include="CCamera.h">
      <Filter>Header Files</Filter>
    </ClInclude>
    <ClInclude Include="CCollision.h">
      <Filter>Header Files</Filter>
    </ClInclude>
    <ClInclude Include="CFrametime.h">
      <Filter>Header Files</Filter>
    </ClInclude>
    <ClInclude Include="CHeapAllocator.h">
      <Filter>Header Files</Filter>
    </ClInclude>
    <ClInclude Include="CHeapArray.h">
      <Filter>Header Files</Filter>
    </ClInclude>
    <ClInclude Include="CHttpFields.h">
      <Filter>Header Files</Filter>
    </ClInclude>
    <ClInclude Include="CHttpRequest.h">
      <Filter>Header Files</Filter>
    </ClInclude>
    <ClInclude Include="CLinkList.h">
      <Filter>Header Files</Filter>
    </ClInclude>
    <ClInclude Include="CLinkListNode.h">
      <Filter>Header Files</Filter>
    </ClInclude>
    <ClInclude Include="CMySql.h">
      <Filter>Header Files</Filter>
    </ClInclude>
    <ClInclude Include="CNetwork.h">
      <Filter>Header Files</Filter>
    </ClInclude>
    <ClInclude Include="CServer.h">
      <Filter>Header Files</Filter>
    </ClInclude>
    <ClInclude Include="CServerEnvironment.h">
      <Filter>Header Files</Filter>
    </ClInclude>
    <ClInclude Include="CServerInfo.h">
      <Filter>Header Files</Filter>
    </ClInclude>
    <ClInclude Include="CString.h">
      <Filter>Header Files</Filter>
    </ClInclude>
    <ClInclude Include="CTerrainCollision.h">
      <Filter>Header Files</Filter>
    </ClInclude>
    <ClInclude Include="CTimer.h">
      <Filter>Header Files</Filter>
    </ClInclude>
    <ClInclude Include="CVertex.h">
      <Filter>Header Files</Filter>
    </ClInclude>
    <ClInclude Include="CVertexBuffer.h">
      <Filter>Header Files</Filter>
    </ClInclude>
    <ClInclude Include="CObject.h">
      <Filter>Header Files</Filter>
    </ClInclude>
    <ClInclude Include="CTeamStart.h">
      <Filter>Header Files</Filter>
    </ClInclude>
    <ClInclude Include="CModel.h">
      <Filter>Header Files</Filter>
    </ClInclude>
    <ClInclude Include="CWavefront.h">
      <Filter>Header Files</Filter>
    </ClInclude>
    <ClInclude Include="CMesh.h">
      <Filter>Header Files</Filter>
    </ClInclude>
    <ClInclude Include="CModelManager.h">
      <Filter>Header Files</Filter>
    </ClInclude>
    <ClInclude Include="CWavefrontManager.h">
      <Filter>Header Files</Filter>
    </ClInclude>
    <ClInclude Include="CMaterial.h">
      <Filter>Header Files</Filter>
    </ClInclude>
    <ClInclude Include="CDXGIError.h">
      <Filter>Header Files</Filter>
    </ClInclude>
    <ClInclude Include="CDXGIErrorItem.h">
      <Filter>Header Files</Filter>
    </ClInclude>
    <ClInclude Include="CErrorLog.h">
      <Filter>Header Files</Filter>
    </ClInclude>
    <ClInclude Include="CComError.h">
      <Filter>Header Files</Filter>
    </ClInclude>
    <ClInclude Include="CWinsockError.h">
      <Filter>Header Files</Filter>
    </ClInclude>
    <ClInclude Include="CWinsockErrorItem.h">
      <Filter>Header Files</Filter>
    </ClInclude>
  </ItemGroup>
  <ItemGroup>
    <ClCompile Include="GameServer.cpp">
      <Filter>Source Files</Filter>
    </ClCompile>
    <ClCompile Include="CAccountInfo.cpp">
      <Filter>Source Files</Filter>
    </ClCompile>
    <ClCompile Include="CCamera.cpp">
      <Filter>Source Files</Filter>
    </ClCompile>
    <ClCompile Include="CCollision.cpp">
      <Filter>Source Files</Filter>
    </ClCompile>
    <ClCompile Include="CFrametime.cpp">
      <Filter>Source Files</Filter>
    </ClCompile>
    <ClCompile Include="CHeapAllocator.cpp">
      <Filter>Source Files</Filter>
    </ClCompile>
    <ClCompile Include="CHeapArray.cpp">
      <Filter>Source Files</Filter>
    </ClCompile>
    <ClCompile Include="CHttpFields.cpp">
      <Filter>Source Files</Filter>
    </ClCompile>
    <ClCompile Include="CHttpRequest.cpp">
      <Filter>Source Files</Filter>
    </ClCompile>
    <ClCompile Include="CLinkList.cpp">
      <Filter>Source Files</Filter>
    </ClCompile>
    <ClCompile Include="CLinkListNode.cpp">
      <Filter>Source Files</Filter>
    </ClCompile>
    <ClCompile Include="CMySql.cpp">
      <Filter>Source Files</Filter>
    </ClCompile>
    <ClCompile Include="CNetwork.cpp">
      <Filter>Source Files</Filter>
    </ClCompile>
    <ClCompile Include="CServer.cpp">
      <Filter>Source Files</Filter>
    </ClCompile>
    <ClCompile Include="CServerEnvironment.cpp">
      <Filter>Source Files</Filter>
    </ClCompile>
    <ClCompile Include="CServerInfo.cpp">
      <Filter>Source Files</Filter>
    </ClCompile>
    <ClCompile Include="CString.cpp">
      <Filter>Source Files</Filter>
    </ClCompile>
    <ClCompile Include="CTerrainCollision.cpp">
      <Filter>Source Files</Filter>
    </ClCompile>
    <ClCompile Include="CTimer.cpp">
      <Filter>Source Files</Filter>
    </ClCompile>
    <ClCompile Include="CVertex.cpp">
      <Filter>Source Files</Filter>
    </ClCompile>
    <ClCompile Include="CVertexBuffer.cpp">
      <Filter>Source Files</Filter>
    </ClCompile>
    <ClCompile Include="CObject.cpp">
      <Filter>Source Files</Filter>
    </ClCompile>
    <ClCompile Include="CTeamStart.cpp">
      <Filter>Source Files</Filter>
    </ClCompile>
    <ClCompile Include="CModel.cpp">
      <Filter>Source Files</Filter>
    </ClCompile>
    <ClCompile Include="CWavefront.cpp">
      <Filter>Source Files</Filter>
    </ClCompile>
    <ClCompile Include="CMesh.cpp">
      <Filter>Source Files</Filter>
    </ClCompile>
    <ClCompile Include="CModelManager.cpp">
      <Filter>Source Files</Filter>
    </ClCompile>
    <ClCompile Include="CWavefrontManager.cpp">
      <Filter>Source Files</Filter>
    </ClCompile>
    <ClCompile Include="CMaterial.cpp">
      <Filter>Source Files</Filter>
    </ClCompile>
    <ClCompile Include="CDXGIError.cpp">
      <Filter>Source Files</Filter>
    </ClCompile>
    <ClCompile Include="CDXGIErrorItem.cpp">
      <Filter>Source Files</Filter>
    </ClCompile>
    <ClCompile Include="CErrorLog.cpp">
      <Filter>Source Files</Filter>
    </ClCompile>
    <ClCompile Include="CComError.cpp">
      <Filter>Source Files</Filter>
    </ClCompile>
    <ClCompile Include="CWinsockError.cpp">
      <Filter>Source Files</Filter>
    </ClCompile>
    <ClCompile Include="CWinsockErrorItem.cpp">
      <Filter>Source Files</Filter>
    </ClCompile>
  </ItemGroup>
  <ItemGroup>
    <ResourceCompile Include="GameServer.rc">
      <Filter>Resource Files</Filter>
    </ResourceCompile>
  </ItemGroup>
  <ItemGroup>
    <Image Include="small.ico">
      <Filter>Resource Files</Filter>
    </Image>
    <Image Include="GameServer.ico">
      <Filter>Resource Files</Filter>
    </Image>
  </ItemGroup>
  <ItemGroup>
    <Text Include="serverLog.txt">
      <Filter>Resource Files</Filter>
    </Text>
  </ItemGroup>
</Project>